
Microsoft Visual Studio Solution File, Format Version 12.00
# Visual Studio Version 16
VisualStudioVersion = 16.0.31112.23
MinimumVisualStudioVersion = 10.0.40219.1
Project("{34036844-64E7-43A5-9151-4AD90E180989}") = "AzureIotEdgeApp1", "AzureIotEdgeApp1\AzureIotEdgeApp1.iotedgeproj", "{CF8AC257-EA80-4463-9F01-4C25EBE36C83}"
EndProject
Project("{9A19103F-16F7-4668-BE54-9A1E7A4F7556}") = "IotEdgeModule1", "IotEdgeModule1\IotEdgeModule1.csproj", "{D23260B4-3831-4EDC-BB70-800B0114A9C2}"
EndProject
Project("{9A19103F-16F7-4668-BE54-9A1E7A4F7556}") = "IotEdgeModule2", "IotEdgeModule2\IotEdgeModule2.csproj", "{69713F5F-0178-4F23-8019-A7ADD2AE1D37}"
EndProject
Global
	GlobalSection(SolutionConfigurationPlatforms) = preSolution
		Debug|Any CPU = Debug|Any CPU
		Release|Any CPU = Release|Any CPU
	EndGlobalSection
	GlobalSection(ProjectConfigurationPlatforms) = postSolution
		{CF8AC257-EA80-4463-9F01-4C25EBE36C83}.Debug|Any CPU.ActiveCfg = Debug|Any CPU
		{CF8AC257-EA80-4463-9F01-4C25EBE36C83}.Debug|Any CPU.Build.0 = Debug|Any CPU
		{CF8AC257-EA80-4463-9F01-4C25EBE36C83}.Release|Any CPU.ActiveCfg = Release|Any CPU
		{CF8AC257-EA80-4463-9F01-4C25EBE36C83}.Release|Any CPU.Build.0 = Release|Any CPU
		{D23260B4-3831-4EDC-BB70-800B0114A9C2}.Debug|Any CPU.ActiveCfg = Debug|Any CPU
		{D23260B4-3831-4EDC-BB70-800B0114A9C2}.Debug|Any CPU.Build.0 = Debug|Any CPU
		{D23260B4-3831-4EDC-BB70-800B0114A9C2}.Release|Any CPU.ActiveCfg = Release|Any CPU
		{D23260B4-3831-4EDC-BB70-800B0114A9C2}.Release|Any CPU.Build.0 = Release|Any CPU
		{69713F5F-0178-4F23-8019-A7ADD2AE1D37}.Debug|Any CPU.ActiveCfg = Debug|Any CPU
		{69713F5F-0178-4F23-8019-A7ADD2AE1D37}.Debug|Any CPU.Build.0 = Debug|Any CPU
		{69713F5F-0178-4F23-8019-A7ADD2AE1D37}.Release|Any CPU.ActiveCfg = Release|Any CPU
		{69713F5F-0178-4F23-8019-A7ADD2AE1D37}.Release|Any CPU.Build.0 = Release|Any CPU
	EndGlobalSection
	GlobalSection(SolutionProperties) = preSolution
		HideSolutionNode = FALSE
	EndGlobalSection
	GlobalSection(ExtensibilityGlobals) = postSolution
		SolutionGuid = {F1249342-78C5-4095-8D35-40E77CE0B943}
	EndGlobalSection
EndGlobal
